{
  "nodes": {
    "nixpkgs": {
      "locked": {
        "lastModified": 1658644204,
        "narHash": "sha256-MWyfCH9K3eVTXJUxBi67OQSAh9jJAnvWklM6qm4j8w8=",
        "owner": "nixos",
        "repo": "nixpkgs",
        "rev": "2f0c3be57c348f4cfd8820f2d189e29a685d9c41",
        "type": "github"
      },
      "original": {
        "owner": "nixos",
        "ref": "nixpkgs-unstable",
        "repo": "nixpkgs",
        "type": "github"
      }
    },
    "root": {
      "inputs": {
        "nixpkgs": "nixpkgs"
      }
    }
  },
  "root": "root",
  "version": 7
}
